
Microsoft Visual Studio Solution File, Format Version 12.00
# Visual Studio 15
VisualStudioVersion = 15.0.28307.1300
MinimumVisualStudioVersion = 10.0.40219.1
Project("{FAE04EC0-301F-11D3-BF4B-00C04F79EFBC}") = "QuanLyPhucLong", "QuanLyPhucLong\QuanLyPhucLong.csproj", "{1E1350E6-FEF5-4A49-86BE-2B83BF5848A4}"
EndProject
Project("{840C416C-B8F3-42BC-B0DD-F6BB14C9F8CB}") = "AI Setup Project1", "AI Setup Project1\AI Setup Project1.aiproj", "{F22F0055-12B1-44BF-AB24-28ACA87EDDB4}"
EndProject
Global
	GlobalSection(SolutionConfigurationPlatforms) = preSolution
		All|Any CPU = All|Any CPU
		Debug|Any CPU = Debug|Any CPU
		DefaultBuild|Any CPU = DefaultBuild|Any CPU
		Release|Any CPU = Release|Any CPU
	EndGlobalSection
	GlobalSection(ProjectConfigurationPlatforms) = postSolution
		{1E1350E6-FEF5-4A49-86BE-2B83BF5848A4}.All|Any CPU.ActiveCfg = Release|Any CPU
		{1E1350E6-FEF5-4A49-86BE-2B83BF5848A4}.All|Any CPU.Build.0 = Release|Any CPU
		{1E1350E6-FEF5-4A49-86BE-2B83BF5848A4}.Debug|Any CPU.ActiveCfg = Debug|Any CPU
		{1E1350E6-FEF5-4A49-86BE-2B83BF5848A4}.Debug|Any CPU.Build.0 = Debug|Any CPU
		{1E1350E6-FEF5-4A49-86BE-2B83BF5848A4}.DefaultBuild|Any CPU.ActiveCfg = Debug|Any CPU
		{1E1350E6-FEF5-4A49-86BE-2B83BF5848A4}.DefaultBuild|Any CPU.Build.0 = Debug|Any CPU
		{1E1350E6-FEF5-4A49-86BE-2B83BF5848A4}.Release|Any CPU.ActiveCfg = Release|Any CPU
		{1E1350E6-FEF5-4A49-86BE-2B83BF5848A4}.Release|Any CPU.Build.0 = Release|Any CPU
		{F22F0055-12B1-44BF-AB24-28ACA87EDDB4}.All|Any CPU.ActiveCfg = DefaultBuild
		{F22F0055-12B1-44BF-AB24-28ACA87EDDB4}.All|Any CPU.Build.0 = DefaultBuild
		{F22F0055-12B1-44BF-AB24-28ACA87EDDB4}.Debug|Any CPU.ActiveCfg = DefaultBuild
		{F22F0055-12B1-44BF-AB24-28ACA87EDDB4}.Debug|Any CPU.Build.0 = DefaultBuild
		{F22F0055-12B1-44BF-AB24-28ACA87EDDB4}.DefaultBuild|Any CPU.ActiveCfg = DefaultBuild
		{F22F0055-12B1-44BF-AB24-28ACA87EDDB4}.DefaultBuild|Any CPU.Build.0 = DefaultBuild
		{F22F0055-12B1-44BF-AB24-28ACA87EDDB4}.Release|Any CPU.ActiveCfg = DefaultBuild
		{F22F0055-12B1-44BF-AB24-28ACA87EDDB4}.Release|Any CPU.Build.0 = DefaultBuild
	EndGlobalSection
	GlobalSection(SolutionProperties) = preSolution
		HideSolutionNode = FALSE
	EndGlobalSection
	GlobalSection(ExtensibilityGlobals) = postSolution
		SolutionGuid = {1DEAD55D-4279-4D00-A2C1-6E42572EDFC0}
	EndGlobalSection
EndGlobal
